{
  "version": 4,
  "terraform_version": "1.8.5",
  "serial": 14,
  "lineage": "e1e86ca3-55b0-97a9-2567-dfa402eecf64",
  "outputs": {
    "s3_bucket_name": {
      "value": "staging-tfstate-bucket",
      "type": "string"
    }
  },
  "resources": [
    {
      "mode": "managed",
      "type": "aws_iam_policy",
      "name": "terraform_s3_policy",
      "provider": "provider[\"registry.terraform.io/hashicorp/aws\"]",
      "instances": [
        {
          "schema_version": 0,
          "attributes": {
            "arn": "arn:aws:iam::533267308718:policy/staging-terraform-s3-policy",
            "attachment_count": 1,
            "description": "Policy to allow access to S3 bucket for Terraform state",
            "id": "arn:aws:iam::533267308718:policy/staging-terraform-s3-policy",
            "name": "staging-terraform-s3-policy",
            "name_prefix": "",
            "path": "/",
            "policy": "{\"Statement\":[{\"Action\":[\"s3:GetObject\",\"s3:PutObject\",\"s3:ListBucket\",\"s3:DeleteObject\"],\"Effect\":\"Allow\",\"Resource\":[\"arn:aws:s3:::staging-tfstate-bucket\",\"arn:aws:s3:::staging-tfstate-bucket/*\"]},{\"Action\":[\"dynamodb:GetItem\",\"dynamodb:PutItem\",\"dynamodb:DeleteItem\",\"dynamodb:DescribeTable\"],\"Effect\":\"Allow\",\"Resource\":\"arn:aws:dynamodb:ca-central-1:533267308718:table/staging-tfstate-lock\"}],\"Version\":\"2012-10-17\"}",
            "policy_id": "ANPAXYKJVMCXMEGBSSLQJ",
            "tags": {},
            "tags_all": {}
          },
          "sensitive_attributes": [],
          "private": "bnVsbA==",
          "dependencies": [
            "aws_s3_bucket.tfstate"
          ]
        }
      ]
    },
    {
      "mode": "managed",
      "type": "aws_iam_role",
      "name": "terraform_s3_role",
      "provider": "provider[\"registry.terraform.io/hashicorp/aws\"]",
      "instances": [
        {
          "schema_version": 0,
          "attributes": {
            "arn": "arn:aws:iam::533267308718:role/staging-terraform-s3-role",
            "assume_role_policy": "{\"Statement\":[{\"Action\":\"sts:AssumeRole\",\"Effect\":\"Allow\",\"Principal\":{\"Service\":\"ec2.amazonaws.com\"}}],\"Version\":\"2012-10-17\"}",
            "create_date": "2024-07-20T09:01:15Z",
            "description": "",
            "force_detach_policies": false,
            "id": "staging-terraform-s3-role",
            "inline_policy": [],
            "managed_policy_arns": [
              "arn:aws:iam::533267308718:policy/staging-terraform-s3-policy"
            ],
            "max_session_duration": 3600,
            "name": "staging-terraform-s3-role",
            "name_prefix": "",
            "path": "/",
            "permissions_boundary": "",
            "tags": {},
            "tags_all": {},
            "unique_id": "AROAXYKJVMCXIJX4AWPNR"
          },
          "sensitive_attributes": [],
          "private": "bnVsbA=="
        }
      ]
    },
    {
      "mode": "managed",
      "type": "aws_iam_role_policy_attachment",
      "name": "terraform_s3_policy_attachment",
      "provider": "provider[\"registry.terraform.io/hashicorp/aws\"]",
      "instances": [
        {
          "schema_version": 0,
          "attributes": {
            "id": "staging-terraform-s3-role-20240720090117079600000001",
            "policy_arn": "arn:aws:iam::533267308718:policy/staging-terraform-s3-policy",
            "role": "staging-terraform-s3-role"
          },
          "sensitive_attributes": [],
          "private": "bnVsbA==",
          "dependencies": [
            "aws_iam_policy.terraform_s3_policy",
            "aws_iam_role.terraform_s3_role",
            "aws_s3_bucket.tfstate"
          ]
        }
      ]
    },
    {
      "mode": "managed",
      "type": "aws_s3_bucket",
      "name": "tfstate",
      "provider": "provider[\"registry.terraform.io/hashicorp/aws\"]",
      "instances": [
        {
          "schema_version": 0,
          "attributes": {
            "acceleration_status": "",
            "acl": "private",
            "arn": "arn:aws:s3:::staging-tfstate-bucket",
            "bucket": "staging-tfstate-bucket",
            "bucket_domain_name": "staging-tfstate-bucket.s3.amazonaws.com",
            "bucket_prefix": "",
            "bucket_regional_domain_name": "staging-tfstate-bucket.s3.ca-central-1.amazonaws.com",
            "cors_rule": [],
            "force_destroy": false,
            "grant": [
              {
                "id": "4df409780aba5e919c26b80195969ee98d5dffdafb4c8b9c7f4adc5294dd3d5e",
                "permissions": [
                  "FULL_CONTROL"
                ],
                "type": "CanonicalUser",
                "uri": ""
              }
            ],
            "hosted_zone_id": "Z1QDHH18159H29",
            "id": "staging-tfstate-bucket",
            "lifecycle_rule": [],
            "logging": [],
            "object_lock_configuration": [],
            "object_lock_enabled": false,
            "policy": "{\"Statement\":[{\"Action\":[\"s3:GetObject\",\"s3:PutObject\",\"s3:ListBucket\",\"s3:DeleteObject\"],\"Effect\":\"Allow\",\"Principal\":{\"AWS\":[\"arn:aws:iam::533267308718:user/Rohan-TF\",\"arn:aws:iam::533267308718:user/Hari-TF\"]},\"Resource\":[\"arn:aws:s3:::staging-tfstate-bucket\",\"arn:aws:s3:::staging-tfstate-bucket/*\"],\"Sid\":\"AllowAccessForTerraform\"}],\"Version\":\"2012-10-17\"}",
            "region": "ca-central-1",
            "replication_configuration": [],
            "request_payer": "BucketOwner",
            "server_side_encryption_configuration": [
              {
                "rule": [
                  {
                    "apply_server_side_encryption_by_default": [
                      {
                        "kms_master_key_id": "",
                        "sse_algorithm": "AES256"
                      }
                    ],
                    "bucket_key_enabled": false
                  }
                ]
              }
            ],
            "tags": {
              "Environment": "staging",
              "Name": "staging-tfstate-bucket"
            },
            "tags_all": {
              "Environment": "staging",
              "Name": "staging-tfstate-bucket"
            },
            "timeouts": null,
            "versioning": [
              {
                "enabled": true,
                "mfa_delete": false
              }
            ],
            "website": [],
            "website_domain": null,
            "website_endpoint": null
          },
          "sensitive_attributes": [],
          "private": "eyJlMmJmYjczMC1lY2FhLTExZTYtOGY4OC0zNDM2M2JjN2M0YzAiOnsiY3JlYXRlIjoxMjAwMDAwMDAwMDAwLCJkZWxldGUiOjM2MDAwMDAwMDAwMDAsInJlYWQiOjEyMDAwMDAwMDAwMDAsInVwZGF0ZSI6MTIwMDAwMDAwMDAwMH19"
        }
      ]
    },
    {
      "mode": "managed",
      "type": "aws_s3_bucket_policy",
      "name": "tfstate_policy",
      "provider": "provider[\"registry.terraform.io/hashicorp/aws\"]",
      "instances": [
        {
          "schema_version": 0,
          "attributes": {
            "bucket": "staging-tfstate-bucket",
            "id": "staging-tfstate-bucket",
            "policy": "{\"Statement\":[{\"Action\":[\"s3:GetObject\",\"s3:PutObject\",\"s3:ListBucket\",\"s3:DeleteObject\"],\"Effect\":\"Allow\",\"Principal\":{\"AWS\":[\"arn:aws:iam::533267308718:user/Hari-TF\",\"arn:aws:iam::533267308718:user/Rohan-TF\"]},\"Resource\":[\"arn:aws:s3:::staging-tfstate-bucket\",\"arn:aws:s3:::staging-tfstate-bucket/*\"],\"Sid\":\"AllowAccessForTerraform\"}],\"Version\":\"2012-10-17\"}"
          },
          "sensitive_attributes": [],
          "private": "bnVsbA==",
          "dependencies": [
            "aws_s3_bucket.tfstate"
          ]
        }
      ]
    }
  ],
  "check_results": null
}
